
Microsoft Visual Studio Solution File, Format Version 12.00
# Visual Studio 15
Project("{FAE04EC0-301F-11D3-BF4B-00C04F79EFBC}") = "shellXamarin.Android", "shellXamarin.Android\shellXamarin.Android.csproj", "{0331BF2F-30CF-4F28-8070-129F95C52C93}"
EndProject
Project("{FAE04EC0-301F-11D3-BF4B-00C04F79EFBC}") = "shellXamarin.iOS", "shellXamarin.iOS\shellXamarin.iOS.csproj", "{1A47BE15-AC59-41B8-89F3-35C0B0DAB12D}"
EndProject
Project("{FAE04EC0-301F-11D3-BF4B-00C04F79EFBC}") = "shellXamarin", "shellXamarin\shellXamarin.csproj", "{42D99B98-7E17-429D-AD52-C91503647293}"
EndProject
Project("{2150E333-8FDC-42A3-9474-1A3956D46DE8}") = "Module", "Module", "{19C7EAC8-3408-45E5-88B5-AAEA1CE72019}"
EndProject
Project("{FAE04EC0-301F-11D3-BF4B-00C04F79EFBC}") = "shellXamarin.Module.Common", "Module\shellXamarin.Module.Common\shellXamarin.Module.Common.csproj", "{4C414662-42BF-4C5D-B8D8-2294FADA5F23}"
EndProject
Project("{FAE04EC0-301F-11D3-BF4B-00C04F79EFBC}") = "shellXamarin.Module.Home", "Module\shellXamarin.Module.Home\shellXamarin.Module.Home.csproj", "{5F2A599E-E2E0-45F0-803B-F82FD8A60538}"
EndProject
Project("{FAE04EC0-301F-11D3-BF4B-00C04F79EFBC}") = "shellXamarin.Module.Startup", "Module\shellXamarin.Module.Startup\shellXamarin.Module.Startup.csproj", "{9C848A1E-E8A4-404E-946D-CFEA218A34BA}"
EndProject
Project("{FAE04EC0-301F-11D3-BF4B-00C04F79EFBC}") = "shellXamarin.Module.Settings", "Module\shellXamarin.Module.Settings\shellXamarin.Module.Settings.csproj", "{CF1921AA-9683-4780-95B9-CCAB079FB6F0}"
EndProject
Project("{FAE04EC0-301F-11D3-BF4B-00C04F79EFBC}") = "shellXamarin.Module.Account", "Module\shellXamarin.Module.Account\shellXamarin.Module.Account.csproj", "{8F3F776D-1846-4C2D-BEFD-BDDE14BD0175}"
EndProject
Project("{FAE04EC0-301F-11D3-BF4B-00C04F79EFBC}") = "shellXamarin.Module.Navigation", "Module\shellXamarin.Module.Navigation\shellXamarin.Module.Navigation.csproj", "{87E68C74-9360-41FA-82B2-3F2C1D9FEA57}"
EndProject
Project("{FAE04EC0-301F-11D3-BF4B-00C04F79EFBC}") = "shellXamarin.Module.ElLa3eba", "Module\shellXamarin.Module.ElLa3eba\shellXamarin.Module.ElLa3eba.csproj", "{736E8685-D346-46BF-8A02-CFA41F90AD4F}"
EndProject
Project("{2150E333-8FDC-42A3-9474-1A3956D46DE8}") = "Module.Tests", "Module.Tests", "{88332679-2EC6-4FD3-B577-A58A76D48281}"
EndProject
Project("{FAE04EC0-301F-11D3-BF4B-00C04F79EFBC}") = "shellXamarin.Module.Tests.Account", "Module.Tests\shellXamarin.Module.Tests.Account\shellXamarin.Module.Tests.Account.csproj", "{D5389EEC-E4FC-4495-B0F0-A2B2AE43562C}"
EndProject
Project("{FAE04EC0-301F-11D3-BF4B-00C04F79EFBC}") = "shellXamarin.Module.Tests.ElLa3eba", "Module.Tests\shellXamarin.Module.Tests.ElLa3eba\shellXamarin.Module.Tests.ElLa3eba.csproj", "{44B72970-1DCF-4EE1-B67F-E1E9D68E9D4F}"
EndProject
Project("{FAE04EC0-301F-11D3-BF4B-00C04F79EFBC}") = "shellXamarin.Module.Tests.Startup", "Module.Tests\shellXamarin.Module.Tests.Startup\shellXamarin.Module.Tests.Startup.csproj", "{E04FA946-ACDD-4F84-9F59-81C60BEB63C9}"
EndProject
Global
	GlobalSection(SolutionConfigurationPlatforms) = preSolution
		Debug|Any CPU = Debug|Any CPU
		Release|Any CPU = Release|Any CPU
		Debug|iPhoneSimulator = Debug|iPhoneSimulator
		Release|iPhoneSimulator = Release|iPhoneSimulator
		Debug|iPhone = Debug|iPhone
		Release|iPhone = Release|iPhone
	EndGlobalSection
	GlobalSection(ProjectConfigurationPlatforms) = postSolution
		{0331BF2F-30CF-4F28-8070-129F95C52C93}.Debug|Any CPU.ActiveCfg = Debug|Any CPU
		{0331BF2F-30CF-4F28-8070-129F95C52C93}.Debug|Any CPU.Build.0 = Debug|Any CPU
		{0331BF2F-30CF-4F28-8070-129F95C52C93}.Release|Any CPU.ActiveCfg = Release|Any CPU
		{0331BF2F-30CF-4F28-8070-129F95C52C93}.Release|Any CPU.Build.0 = Release|Any CPU
		{0331BF2F-30CF-4F28-8070-129F95C52C93}.Debug|iPhoneSimulator.ActiveCfg = Debug|Any CPU
		{0331BF2F-30CF-4F28-8070-129F95C52C93}.Debug|iPhoneSimulator.Build.0 = Debug|Any CPU
		{0331BF2F-30CF-4F28-8070-129F95C52C93}.Release|iPhoneSimulator.ActiveCfg = Release|Any CPU
		{0331BF2F-30CF-4F28-8070-129F95C52C93}.Release|iPhoneSimulator.Build.0 = Release|Any CPU
		{0331BF2F-30CF-4F28-8070-129F95C52C93}.Debug|iPhone.ActiveCfg = Debug|Any CPU
		{0331BF2F-30CF-4F28-8070-129F95C52C93}.Debug|iPhone.Build.0 = Debug|Any CPU
		{0331BF2F-30CF-4F28-8070-129F95C52C93}.Release|iPhone.ActiveCfg = Release|Any CPU
		{0331BF2F-30CF-4F28-8070-129F95C52C93}.Release|iPhone.Build.0 = Release|Any CPU
		{1A47BE15-AC59-41B8-89F3-35C0B0DAB12D}.Debug|Any CPU.ActiveCfg = Debug|iPhoneSimulator
		{1A47BE15-AC59-41B8-89F3-35C0B0DAB12D}.Debug|Any CPU.Build.0 = Debug|iPhoneSimulator
		{1A47BE15-AC59-41B8-89F3-35C0B0DAB12D}.Release|Any CPU.ActiveCfg = Release|iPhoneSimulator
		{1A47BE15-AC59-41B8-89F3-35C0B0DAB12D}.Release|Any CPU.Build.0 = Release|iPhoneSimulator
		{1A47BE15-AC59-41B8-89F3-35C0B0DAB12D}.Debug|iPhoneSimulator.ActiveCfg = Debug|iPhoneSimulator
		{1A47BE15-AC59-41B8-89F3-35C0B0DAB12D}.Debug|iPhoneSimulator.Build.0 = Debug|iPhoneSimulator
		{1A47BE15-AC59-41B8-89F3-35C0B0DAB12D}.Release|iPhoneSimulator.ActiveCfg = Release|iPhoneSimulator
		{1A47BE15-AC59-41B8-89F3-35C0B0DAB12D}.Release|iPhoneSimulator.Build.0 = Release|iPhoneSimulator
		{1A47BE15-AC59-41B8-89F3-35C0B0DAB12D}.Debug|iPhone.ActiveCfg = Debug|iPhone
		{1A47BE15-AC59-41B8-89F3-35C0B0DAB12D}.Debug|iPhone.Build.0 = Debug|iPhone
		{1A47BE15-AC59-41B8-89F3-35C0B0DAB12D}.Release|iPhone.ActiveCfg = Release|iPhone
		{1A47BE15-AC59-41B8-89F3-35C0B0DAB12D}.Release|iPhone.Build.0 = Release|iPhone
		{42D99B98-7E17-429D-AD52-C91503647293}.Debug|Any CPU.ActiveCfg = Debug|Any CPU
		{42D99B98-7E17-429D-AD52-C91503647293}.Debug|Any CPU.Build.0 = Debug|Any CPU
		{42D99B98-7E17-429D-AD52-C91503647293}.Release|Any CPU.ActiveCfg = Release|Any CPU
		{42D99B98-7E17-429D-AD52-C91503647293}.Release|Any CPU.Build.0 = Release|Any CPU
		{42D99B98-7E17-429D-AD52-C91503647293}.Debug|iPhoneSimulator.ActiveCfg = Debug|Any CPU
		{42D99B98-7E17-429D-AD52-C91503647293}.Debug|iPhoneSimulator.Build.0 = Debug|Any CPU
		{42D99B98-7E17-429D-AD52-C91503647293}.Release|iPhoneSimulator.ActiveCfg = Release|Any CPU
		{42D99B98-7E17-429D-AD52-C91503647293}.Release|iPhoneSimulator.Build.0 = Release|Any CPU
		{42D99B98-7E17-429D-AD52-C91503647293}.Debug|iPhone.ActiveCfg = Debug|Any CPU
		{42D99B98-7E17-429D-AD52-C91503647293}.Debug|iPhone.Build.0 = Debug|Any CPU
		{42D99B98-7E17-429D-AD52-C91503647293}.Release|iPhone.ActiveCfg = Release|Any CPU
		{42D99B98-7E17-429D-AD52-C91503647293}.Release|iPhone.Build.0 = Release|Any CPU
		{4C414662-42BF-4C5D-B8D8-2294FADA5F23}.Debug|Any CPU.ActiveCfg = Debug|Any CPU
		{4C414662-42BF-4C5D-B8D8-2294FADA5F23}.Debug|Any CPU.Build.0 = Debug|Any CPU
		{4C414662-42BF-4C5D-B8D8-2294FADA5F23}.Release|Any CPU.ActiveCfg = Release|Any CPU
		{4C414662-42BF-4C5D-B8D8-2294FADA5F23}.Release|Any CPU.Build.0 = Release|Any CPU
		{4C414662-42BF-4C5D-B8D8-2294FADA5F23}.Debug|iPhoneSimulator.ActiveCfg = Debug|Any CPU
		{4C414662-42BF-4C5D-B8D8-2294FADA5F23}.Debug|iPhoneSimulator.Build.0 = Debug|Any CPU
		{4C414662-42BF-4C5D-B8D8-2294FADA5F23}.Release|iPhoneSimulator.ActiveCfg = Release|Any CPU
		{4C414662-42BF-4C5D-B8D8-2294FADA5F23}.Release|iPhoneSimulator.Build.0 = Release|Any CPU
		{4C414662-42BF-4C5D-B8D8-2294FADA5F23}.Debug|iPhone.ActiveCfg = Debug|Any CPU
		{4C414662-42BF-4C5D-B8D8-2294FADA5F23}.Debug|iPhone.Build.0 = Debug|Any CPU
		{4C414662-42BF-4C5D-B8D8-2294FADA5F23}.Release|iPhone.ActiveCfg = Release|Any CPU
		{4C414662-42BF-4C5D-B8D8-2294FADA5F23}.Release|iPhone.Build.0 = Release|Any CPU
		{5F2A599E-E2E0-45F0-803B-F82FD8A60538}.Debug|Any CPU.ActiveCfg = Debug|Any CPU
		{5F2A599E-E2E0-45F0-803B-F82FD8A60538}.Debug|Any CPU.Build.0 = Debug|Any CPU
		{5F2A599E-E2E0-45F0-803B-F82FD8A60538}.Release|Any CPU.ActiveCfg = Release|Any CPU
		{5F2A599E-E2E0-45F0-803B-F82FD8A60538}.Release|Any CPU.Build.0 = Release|Any CPU
		{5F2A599E-E2E0-45F0-803B-F82FD8A60538}.Debug|iPhoneSimulator.ActiveCfg = Debug|Any CPU
		{5F2A599E-E2E0-45F0-803B-F82FD8A60538}.Debug|iPhoneSimulator.Build.0 = Debug|Any CPU
		{5F2A599E-E2E0-45F0-803B-F82FD8A60538}.Release|iPhoneSimulator.ActiveCfg = Release|Any CPU
		{5F2A599E-E2E0-45F0-803B-F82FD8A60538}.Release|iPhoneSimulator.Build.0 = Release|Any CPU
		{5F2A599E-E2E0-45F0-803B-F82FD8A60538}.Debug|iPhone.ActiveCfg = Debug|Any CPU
		{5F2A599E-E2E0-45F0-803B-F82FD8A60538}.Debug|iPhone.Build.0 = Debug|Any CPU
		{5F2A599E-E2E0-45F0-803B-F82FD8A60538}.Release|iPhone.ActiveCfg = Release|Any CPU
		{5F2A599E-E2E0-45F0-803B-F82FD8A60538}.Release|iPhone.Build.0 = Release|Any CPU
		{9C848A1E-E8A4-404E-946D-CFEA218A34BA}.Debug|Any CPU.ActiveCfg = Debug|Any CPU
		{9C848A1E-E8A4-404E-946D-CFEA218A34BA}.Debug|Any CPU.Build.0 = Debug|Any CPU
		{9C848A1E-E8A4-404E-946D-CFEA218A34BA}.Release|Any CPU.ActiveCfg = Release|Any CPU
		{9C848A1E-E8A4-404E-946D-CFEA218A34BA}.Release|Any CPU.Build.0 = Release|Any CPU
		{9C848A1E-E8A4-404E-946D-CFEA218A34BA}.Debug|iPhoneSimulator.ActiveCfg = Debug|Any CPU
		{9C848A1E-E8A4-404E-946D-CFEA218A34BA}.Debug|iPhoneSimulator.Build.0 = Debug|Any CPU
		{9C848A1E-E8A4-404E-946D-CFEA218A34BA}.Release|iPhoneSimulator.ActiveCfg = Release|Any CPU
		{9C848A1E-E8A4-404E-946D-CFEA218A34BA}.Release|iPhoneSimulator.Build.0 = Release|Any CPU
		{9C848A1E-E8A4-404E-946D-CFEA218A34BA}.Debug|iPhone.ActiveCfg = Debug|Any CPU
		{9C848A1E-E8A4-404E-946D-CFEA218A34BA}.Debug|iPhone.Build.0 = Debug|Any CPU
		{9C848A1E-E8A4-404E-946D-CFEA218A34BA}.Release|iPhone.ActiveCfg = Release|Any CPU
		{9C848A1E-E8A4-404E-946D-CFEA218A34BA}.Release|iPhone.Build.0 = Release|Any CPU
		{CF1921AA-9683-4780-95B9-CCAB079FB6F0}.Debug|Any CPU.ActiveCfg = Debug|Any CPU
		{CF1921AA-9683-4780-95B9-CCAB079FB6F0}.Debug|Any CPU.Build.0 = Debug|Any CPU
		{CF1921AA-9683-4780-95B9-CCAB079FB6F0}.Release|Any CPU.ActiveCfg = Release|Any CPU
		{CF1921AA-9683-4780-95B9-CCAB079FB6F0}.Release|Any CPU.Build.0 = Release|Any CPU
		{CF1921AA-9683-4780-95B9-CCAB079FB6F0}.Debug|iPhoneSimulator.ActiveCfg = Debug|Any CPU
		{CF1921AA-9683-4780-95B9-CCAB079FB6F0}.Debug|iPhoneSimulator.Build.0 = Debug|Any CPU
		{CF1921AA-9683-4780-95B9-CCAB079FB6F0}.Release|iPhoneSimulator.ActiveCfg = Release|Any CPU
		{CF1921AA-9683-4780-95B9-CCAB079FB6F0}.Release|iPhoneSimulator.Build.0 = Release|Any CPU
		{CF1921AA-9683-4780-95B9-CCAB079FB6F0}.Debug|iPhone.ActiveCfg = Debug|Any CPU
		{CF1921AA-9683-4780-95B9-CCAB079FB6F0}.Debug|iPhone.Build.0 = Debug|Any CPU
		{CF1921AA-9683-4780-95B9-CCAB079FB6F0}.Release|iPhone.ActiveCfg = Release|Any CPU
		{CF1921AA-9683-4780-95B9-CCAB079FB6F0}.Release|iPhone.Build.0 = Release|Any CPU
		{8F3F776D-1846-4C2D-BEFD-BDDE14BD0175}.Debug|Any CPU.ActiveCfg = Debug|Any CPU
		{8F3F776D-1846-4C2D-BEFD-BDDE14BD0175}.Debug|Any CPU.Build.0 = Debug|Any CPU
		{8F3F776D-1846-4C2D-BEFD-BDDE14BD0175}.Release|Any CPU.ActiveCfg = Release|Any CPU
		{8F3F776D-1846-4C2D-BEFD-BDDE14BD0175}.Release|Any CPU.Build.0 = Release|Any CPU
		{8F3F776D-1846-4C2D-BEFD-BDDE14BD0175}.Debug|iPhoneSimulator.ActiveCfg = Debug|Any CPU
		{8F3F776D-1846-4C2D-BEFD-BDDE14BD0175}.Debug|iPhoneSimulator.Build.0 = Debug|Any CPU
		{8F3F776D-1846-4C2D-BEFD-BDDE14BD0175}.Release|iPhoneSimulator.ActiveCfg = Release|Any CPU
		{8F3F776D-1846-4C2D-BEFD-BDDE14BD0175}.Release|iPhoneSimulator.Build.0 = Release|Any CPU
		{8F3F776D-1846-4C2D-BEFD-BDDE14BD0175}.Debug|iPhone.ActiveCfg = Debug|Any CPU
		{8F3F776D-1846-4C2D-BEFD-BDDE14BD0175}.Debug|iPhone.Build.0 = Debug|Any CPU
		{8F3F776D-1846-4C2D-BEFD-BDDE14BD0175}.Release|iPhone.ActiveCfg = Release|Any CPU
		{8F3F776D-1846-4C2D-BEFD-BDDE14BD0175}.Release|iPhone.Build.0 = Release|Any CPU
		{87E68C74-9360-41FA-82B2-3F2C1D9FEA57}.Debug|Any CPU.ActiveCfg = Debug|Any CPU
		{87E68C74-9360-41FA-82B2-3F2C1D9FEA57}.Debug|Any CPU.Build.0 = Debug|Any CPU
		{87E68C74-9360-41FA-82B2-3F2C1D9FEA57}.Release|Any CPU.ActiveCfg = Release|Any CPU
		{87E68C74-9360-41FA-82B2-3F2C1D9FEA57}.Release|Any CPU.Build.0 = Release|Any CPU
		{87E68C74-9360-41FA-82B2-3F2C1D9FEA57}.Debug|iPhoneSimulator.ActiveCfg = Debug|Any CPU
		{87E68C74-9360-41FA-82B2-3F2C1D9FEA57}.Debug|iPhoneSimulator.Build.0 = Debug|Any CPU
		{87E68C74-9360-41FA-82B2-3F2C1D9FEA57}.Release|iPhoneSimulator.ActiveCfg = Release|Any CPU
		{87E68C74-9360-41FA-82B2-3F2C1D9FEA57}.Release|iPhoneSimulator.Build.0 = Release|Any CPU
		{87E68C74-9360-41FA-82B2-3F2C1D9FEA57}.Debug|iPhone.ActiveCfg = Debug|Any CPU
		{87E68C74-9360-41FA-82B2-3F2C1D9FEA57}.Debug|iPhone.Build.0 = Debug|Any CPU
		{87E68C74-9360-41FA-82B2-3F2C1D9FEA57}.Release|iPhone.ActiveCfg = Release|Any CPU
		{87E68C74-9360-41FA-82B2-3F2C1D9FEA57}.Release|iPhone.Build.0 = Release|Any CPU
		{736E8685-D346-46BF-8A02-CFA41F90AD4F}.Debug|Any CPU.ActiveCfg = Debug|Any CPU
		{736E8685-D346-46BF-8A02-CFA41F90AD4F}.Debug|Any CPU.Build.0 = Debug|Any CPU
		{736E8685-D346-46BF-8A02-CFA41F90AD4F}.Release|Any CPU.ActiveCfg = Release|Any CPU
		{736E8685-D346-46BF-8A02-CFA41F90AD4F}.Release|Any CPU.Build.0 = Release|Any CPU
		{736E8685-D346-46BF-8A02-CFA41F90AD4F}.Debug|iPhoneSimulator.ActiveCfg = Debug|Any CPU
		{736E8685-D346-46BF-8A02-CFA41F90AD4F}.Debug|iPhoneSimulator.Build.0 = Debug|Any CPU
		{736E8685-D346-46BF-8A02-CFA41F90AD4F}.Release|iPhoneSimulator.ActiveCfg = Release|Any CPU
		{736E8685-D346-46BF-8A02-CFA41F90AD4F}.Release|iPhoneSimulator.Build.0 = Release|Any CPU
		{736E8685-D346-46BF-8A02-CFA41F90AD4F}.Debug|iPhone.ActiveCfg = Debug|Any CPU
		{736E8685-D346-46BF-8A02-CFA41F90AD4F}.Debug|iPhone.Build.0 = Debug|Any CPU
		{736E8685-D346-46BF-8A02-CFA41F90AD4F}.Release|iPhone.ActiveCfg = Release|Any CPU
		{736E8685-D346-46BF-8A02-CFA41F90AD4F}.Release|iPhone.Build.0 = Release|Any CPU
		{D5389EEC-E4FC-4495-B0F0-A2B2AE43562C}.Debug|Any CPU.ActiveCfg = Debug|Any CPU
		{D5389EEC-E4FC-4495-B0F0-A2B2AE43562C}.Debug|Any CPU.Build.0 = Debug|Any CPU
		{D5389EEC-E4FC-4495-B0F0-A2B2AE43562C}.Release|Any CPU.ActiveCfg = Release|Any CPU
		{D5389EEC-E4FC-4495-B0F0-A2B2AE43562C}.Release|Any CPU.Build.0 = Release|Any CPU
		{D5389EEC-E4FC-4495-B0F0-A2B2AE43562C}.Debug|iPhoneSimulator.ActiveCfg = Debug|Any CPU
		{D5389EEC-E4FC-4495-B0F0-A2B2AE43562C}.Debug|iPhoneSimulator.Build.0 = Debug|Any CPU
		{D5389EEC-E4FC-4495-B0F0-A2B2AE43562C}.Release|iPhoneSimulator.ActiveCfg = Release|Any CPU
		{D5389EEC-E4FC-4495-B0F0-A2B2AE43562C}.Release|iPhoneSimulator.Build.0 = Release|Any CPU
		{D5389EEC-E4FC-4495-B0F0-A2B2AE43562C}.Debug|iPhone.ActiveCfg = Debug|Any CPU
		{D5389EEC-E4FC-4495-B0F0-A2B2AE43562C}.Debug|iPhone.Build.0 = Debug|Any CPU
		{D5389EEC-E4FC-4495-B0F0-A2B2AE43562C}.Release|iPhone.ActiveCfg = Release|Any CPU
		{D5389EEC-E4FC-4495-B0F0-A2B2AE43562C}.Release|iPhone.Build.0 = Release|Any CPU
		{44B72970-1DCF-4EE1-B67F-E1E9D68E9D4F}.Debug|Any CPU.ActiveCfg = Debug|Any CPU
		{44B72970-1DCF-4EE1-B67F-E1E9D68E9D4F}.Debug|Any CPU.Build.0 = Debug|Any CPU
		{44B72970-1DCF-4EE1-B67F-E1E9D68E9D4F}.Release|Any CPU.ActiveCfg = Release|Any CPU
		{44B72970-1DCF-4EE1-B67F-E1E9D68E9D4F}.Release|Any CPU.Build.0 = Release|Any CPU
		{44B72970-1DCF-4EE1-B67F-E1E9D68E9D4F}.Debug|iPhoneSimulator.ActiveCfg = Debug|Any CPU
		{44B72970-1DCF-4EE1-B67F-E1E9D68E9D4F}.Debug|iPhoneSimulator.Build.0 = Debug|Any CPU
		{44B72970-1DCF-4EE1-B67F-E1E9D68E9D4F}.Release|iPhoneSimulator.ActiveCfg = Release|Any CPU
		{44B72970-1DCF-4EE1-B67F-E1E9D68E9D4F}.Release|iPhoneSimulator.Build.0 = Release|Any CPU
		{44B72970-1DCF-4EE1-B67F-E1E9D68E9D4F}.Debug|iPhone.ActiveCfg = Debug|Any CPU
		{44B72970-1DCF-4EE1-B67F-E1E9D68E9D4F}.Debug|iPhone.Build.0 = Debug|Any CPU
		{44B72970-1DCF-4EE1-B67F-E1E9D68E9D4F}.Release|iPhone.ActiveCfg = Release|Any CPU
		{44B72970-1DCF-4EE1-B67F-E1E9D68E9D4F}.Release|iPhone.Build.0 = Release|Any CPU
		{E04FA946-ACDD-4F84-9F59-81C60BEB63C9}.Debug|Any CPU.ActiveCfg = Debug|Any CPU
		{E04FA946-ACDD-4F84-9F59-81C60BEB63C9}.Debug|Any CPU.Build.0 = Debug|Any CPU
		{E04FA946-ACDD-4F84-9F59-81C60BEB63C9}.Release|Any CPU.ActiveCfg = Release|Any CPU
		{E04FA946-ACDD-4F84-9F59-81C60BEB63C9}.Release|Any CPU.Build.0 = Release|Any CPU
		{E04FA946-ACDD-4F84-9F59-81C60BEB63C9}.Debug|iPhoneSimulator.ActiveCfg = Debug|Any CPU
		{E04FA946-ACDD-4F84-9F59-81C60BEB63C9}.Debug|iPhoneSimulator.Build.0 = Debug|Any CPU
		{E04FA946-ACDD-4F84-9F59-81C60BEB63C9}.Release|iPhoneSimulator.ActiveCfg = Release|Any CPU
		{E04FA946-ACDD-4F84-9F59-81C60BEB63C9}.Release|iPhoneSimulator.Build.0 = Release|Any CPU
		{E04FA946-ACDD-4F84-9F59-81C60BEB63C9}.Debug|iPhone.ActiveCfg = Debug|Any CPU
		{E04FA946-ACDD-4F84-9F59-81C60BEB63C9}.Debug|iPhone.Build.0 = Debug|Any CPU
		{E04FA946-ACDD-4F84-9F59-81C60BEB63C9}.Release|iPhone.ActiveCfg = Release|Any CPU
		{E04FA946-ACDD-4F84-9F59-81C60BEB63C9}.Release|iPhone.Build.0 = Release|Any CPU
	EndGlobalSection
	GlobalSection(NestedProjects) = preSolution
		{4C414662-42BF-4C5D-B8D8-2294FADA5F23} = {19C7EAC8-3408-45E5-88B5-AAEA1CE72019}
		{5F2A599E-E2E0-45F0-803B-F82FD8A60538} = {19C7EAC8-3408-45E5-88B5-AAEA1CE72019}
		{9C848A1E-E8A4-404E-946D-CFEA218A34BA} = {19C7EAC8-3408-45E5-88B5-AAEA1CE72019}
		{CF1921AA-9683-4780-95B9-CCAB079FB6F0} = {19C7EAC8-3408-45E5-88B5-AAEA1CE72019}
		{8F3F776D-1846-4C2D-BEFD-BDDE14BD0175} = {19C7EAC8-3408-45E5-88B5-AAEA1CE72019}
		{87E68C74-9360-41FA-82B2-3F2C1D9FEA57} = {19C7EAC8-3408-45E5-88B5-AAEA1CE72019}
		{736E8685-D346-46BF-8A02-CFA41F90AD4F} = {19C7EAC8-3408-45E5-88B5-AAEA1CE72019}
		{D5389EEC-E4FC-4495-B0F0-A2B2AE43562C} = {88332679-2EC6-4FD3-B577-A58A76D48281}
		{44B72970-1DCF-4EE1-B67F-E1E9D68E9D4F} = {88332679-2EC6-4FD3-B577-A58A76D48281}
		{E04FA946-ACDD-4F84-9F59-81C60BEB63C9} = {88332679-2EC6-4FD3-B577-A58A76D48281}
	EndGlobalSection
EndGlobal
