
Microsoft Visual Studio Solution File, Format Version 12.00
# Visual Studio 15
Project("{FAE04EC0-301F-11D3-BF4B-00C04F79EFBC}") = "shellXamarin.Android", "shellXamarin.Android\shellXamarin.Android.csproj", "{0331BF2F-30CF-4F28-8070-129F95C52C93}"
EndProject
Project("{FAE04EC0-301F-11D3-BF4B-00C04F79EFBC}") = "shellXamarin.iOS", "shellXamarin.iOS\shellXamarin.iOS.csproj", "{1A47BE15-AC59-41B8-89F3-35C0B0DAB12D}"
EndProject
Project("{FAE04EC0-301F-11D3-BF4B-00C04F79EFBC}") = "shellXamarin", "shellXamarin\shellXamarin.csproj", "{42D99B98-7E17-429D-AD52-C91503647293}"
EndProject
Project("{2150E333-8FDC-42A3-9474-1A3956D46DE8}") = "Module", "Module", "{19C7EAC8-3408-45E5-88B5-AAEA1CE72019}"
EndProject
Project("{FAE04EC0-301F-11D3-BF4B-00C04F79EFBC}") = "shellXamarin.Module.Common", "Module\shellXamarin.Module.Common\shellXamarin.Module.Common.csproj", "{4C414662-42BF-4C5D-B8D8-2294FADA5F23}"
EndProject
Project("{FAE04EC0-301F-11D3-BF4B-00C04F79EFBC}") = "shellXamarin.Module.Home", "Module\shellXamarin.Module.Home\shellXamarin.Module.Home.csproj", "{5F2A599E-E2E0-45F0-803B-F82FD8A60538}"
EndProject
Project("{FAE04EC0-301F-11D3-BF4B-00C04F79EFBC}") = "shellXamarin.Module.Startup", "Module\shellXamarin.Module.Startup\shellXamarin.Module.Startup.csproj", "{9C848A1E-E8A4-404E-946D-CFEA218A34BA}"
EndProject
Project("{FAE04EC0-301F-11D3-BF4B-00C04F79EFBC}") = "shellXamarin.Module.Settings", "Module\shellXamarin.Module.Settings\shellXamarin.Module.Settings.csproj", "{CF1921AA-9683-4780-95B9-CCAB079FB6F0}"
EndProject
Project("{FAE04EC0-301F-11D3-BF4B-00C04F79EFBC}") = "shellXamarin.Module.Account", "Module\shellXamarin.Module.Account\shellXamarin.Module.Account.csproj", "{8F3F776D-1846-4C2D-BEFD-BDDE14BD0175}"
EndProject
Project("{FAE04EC0-301F-11D3-BF4B-00C04F79EFBC}") = "shellXamarin.Module.Navigation", "Module\shellXamarin.Module.Navigation\shellXamarin.Module.Navigation.csproj", "{87E68C74-9360-41FA-82B2-3F2C1D9FEA57}"
EndProject
Project("{2150E333-8FDC-42A3-9474-1A3956D46DE8}") = "Module.Tests", "Module.Tests", "{88332679-2EC6-4FD3-B577-A58A76D48281}"
EndProject
Project("{FAE04EC0-301F-11D3-BF4B-00C04F79EFBC}") = "shellXamarin.Module.ElLa3eba", "Module\shellXamarin.Module.ElLa3eba\shellXamarin.Module.ElLa3eba.csproj", "{D2E8D875-3934-4116-A4E4-F2342A06F864}"
EndProject
Project("{FAE04EC0-301F-11D3-BF4B-00C04F79EFBC}") = "shellXamarin.Module.ECommerce", "Module\shellXamarin.Module.ECommerce\shellXamarin.Module.ECommerce.csproj", "{25CB3B49-6EBB-41C7-A98E-B5E100C49046}"
EndProject
Project("{9344BDBB-3E7F-41FC-A0DD-8665D75EE146}") = "shellXamarin.Module.Tests.Account", "Module.Tests\shellXamarin.Module.Tests.Account\shellXamarin.Module.Tests.Account.csproj", "{3DC6C2B4-8DC3-4EDA-B18F-082EA40983CC}"
EndProject
Project("{9344BDBB-3E7F-41FC-A0DD-8665D75EE146}") = "shellXamarin.Module.Tests.ElLa3eba", "Module.Tests\shellXamarin.Module.Tests.ElLa3eba\shellXamarin.Module.Tests.ElLa3eba.csproj", "{1BEE2518-0E60-4B32-BA92-5115181C0F78}"
EndProject
Project("{9344BDBB-3E7F-41FC-A0DD-8665D75EE146}") = "shellXamarin.Module.Tests.Startup", "Module.Tests\shellXamarin.Module.Tests.Startup\shellXamarin.Module.Tests.Startup.csproj", "{4740E834-39A1-42D3-BF1F-9466E115AE4B}"
EndProject
Global
	GlobalSection(SolutionConfigurationPlatforms) = preSolution
		Debug|Any CPU = Debug|Any CPU
		Release|Any CPU = Release|Any CPU
		Debug|iPhoneSimulator = Debug|iPhoneSimulator
		Release|iPhoneSimulator = Release|iPhoneSimulator
		Debug|iPhone = Debug|iPhone
		Release|iPhone = Release|iPhone
	EndGlobalSection
	GlobalSection(ProjectConfigurationPlatforms) = postSolution
		{0331BF2F-30CF-4F28-8070-129F95C52C93}.Debug|Any CPU.ActiveCfg = Debug|Any CPU
		{0331BF2F-30CF-4F28-8070-129F95C52C93}.Debug|Any CPU.Build.0 = Debug|Any CPU
		{0331BF2F-30CF-4F28-8070-129F95C52C93}.Release|Any CPU.ActiveCfg = Release|Any CPU
		{0331BF2F-30CF-4F28-8070-129F95C52C93}.Release|Any CPU.Build.0 = Release|Any CPU
		{0331BF2F-30CF-4F28-8070-129F95C52C93}.Debug|iPhoneSimulator.ActiveCfg = Debug|Any CPU
		{0331BF2F-30CF-4F28-8070-129F95C52C93}.Debug|iPhoneSimulator.Build.0 = Debug|Any CPU
		{0331BF2F-30CF-4F28-8070-129F95C52C93}.Release|iPhoneSimulator.ActiveCfg = Release|Any CPU
		{0331BF2F-30CF-4F28-8070-129F95C52C93}.Release|iPhoneSimulator.Build.0 = Release|Any CPU
		{0331BF2F-30CF-4F28-8070-129F95C52C93}.Debug|iPhone.ActiveCfg = Debug|Any CPU
		{0331BF2F-30CF-4F28-8070-129F95C52C93}.Debug|iPhone.Build.0 = Debug|Any CPU
		{0331BF2F-30CF-4F28-8070-129F95C52C93}.Release|iPhone.ActiveCfg = Release|Any CPU
		{0331BF2F-30CF-4F28-8070-129F95C52C93}.Release|iPhone.Build.0 = Release|Any CPU
		{1A47BE15-AC59-41B8-89F3-35C0B0DAB12D}.Debug|Any CPU.ActiveCfg = Debug|iPhoneSimulator
		{1A47BE15-AC59-41B8-89F3-35C0B0DAB12D}.Debug|Any CPU.Build.0 = Debug|iPhoneSimulator
		{1A47BE15-AC59-41B8-89F3-35C0B0DAB12D}.Release|Any CPU.ActiveCfg = Release|iPhoneSimulator
		{1A47BE15-AC59-41B8-89F3-35C0B0DAB12D}.Release|Any CPU.Build.0 = Release|iPhoneSimulator
		{1A47BE15-AC59-41B8-89F3-35C0B0DAB12D}.Debug|iPhoneSimulator.ActiveCfg = Debug|iPhoneSimulator
		{1A47BE15-AC59-41B8-89F3-35C0B0DAB12D}.Debug|iPhoneSimulator.Build.0 = Debug|iPhoneSimulator
		{1A47BE15-AC59-41B8-89F3-35C0B0DAB12D}.Release|iPhoneSimulator.ActiveCfg = Release|iPhoneSimulator
		{1A47BE15-AC59-41B8-89F3-35C0B0DAB12D}.Release|iPhoneSimulator.Build.0 = Release|iPhoneSimulator
		{1A47BE15-AC59-41B8-89F3-35C0B0DAB12D}.Debug|iPhone.ActiveCfg = Debug|iPhone
		{1A47BE15-AC59-41B8-89F3-35C0B0DAB12D}.Debug|iPhone.Build.0 = Debug|iPhone
		{1A47BE15-AC59-41B8-89F3-35C0B0DAB12D}.Release|iPhone.ActiveCfg = Release|iPhone
		{1A47BE15-AC59-41B8-89F3-35C0B0DAB12D}.Release|iPhone.Build.0 = Release|iPhone
		{42D99B98-7E17-429D-AD52-C91503647293}.Debug|Any CPU.ActiveCfg = Debug|Any CPU
		{42D99B98-7E17-429D-AD52-C91503647293}.Debug|Any CPU.Build.0 = Debug|Any CPU
		{42D99B98-7E17-429D-AD52-C91503647293}.Release|Any CPU.ActiveCfg = Release|Any CPU
		{42D99B98-7E17-429D-AD52-C91503647293}.Release|Any CPU.Build.0 = Release|Any CPU
		{42D99B98-7E17-429D-AD52-C91503647293}.Debug|iPhoneSimulator.ActiveCfg = Debug|Any CPU
		{42D99B98-7E17-429D-AD52-C91503647293}.Debug|iPhoneSimulator.Build.0 = Debug|Any CPU
		{42D99B98-7E17-429D-AD52-C91503647293}.Release|iPhoneSimulator.ActiveCfg = Release|Any CPU
		{42D99B98-7E17-429D-AD52-C91503647293}.Release|iPhoneSimulator.Build.0 = Release|Any CPU
		{42D99B98-7E17-429D-AD52-C91503647293}.Debug|iPhone.ActiveCfg = Debug|Any CPU
		{42D99B98-7E17-429D-AD52-C91503647293}.Debug|iPhone.Build.0 = Debug|Any CPU
		{42D99B98-7E17-429D-AD52-C91503647293}.Release|iPhone.ActiveCfg = Release|Any CPU
		{42D99B98-7E17-429D-AD52-C91503647293}.Release|iPhone.Build.0 = Release|Any CPU
		{4C414662-42BF-4C5D-B8D8-2294FADA5F23}.Debug|Any CPU.ActiveCfg = Debug|Any CPU
		{4C414662-42BF-4C5D-B8D8-2294FADA5F23}.Debug|Any CPU.Build.0 = Debug|Any CPU
		{4C414662-42BF-4C5D-B8D8-2294FADA5F23}.Release|Any CPU.ActiveCfg = Release|Any CPU
		{4C414662-42BF-4C5D-B8D8-2294FADA5F23}.Release|Any CPU.Build.0 = Release|Any CPU
		{4C414662-42BF-4C5D-B8D8-2294FADA5F23}.Debug|iPhoneSimulator.ActiveCfg = Debug|Any CPU
		{4C414662-42BF-4C5D-B8D8-2294FADA5F23}.Debug|iPhoneSimulator.Build.0 = Debug|Any CPU
		{4C414662-42BF-4C5D-B8D8-2294FADA5F23}.Release|iPhoneSimulator.ActiveCfg = Release|Any CPU
		{4C414662-42BF-4C5D-B8D8-2294FADA5F23}.Release|iPhoneSimulator.Build.0 = Release|Any CPU
		{4C414662-42BF-4C5D-B8D8-2294FADA5F23}.Debug|iPhone.ActiveCfg = Debug|Any CPU
		{4C414662-42BF-4C5D-B8D8-2294FADA5F23}.Debug|iPhone.Build.0 = Debug|Any CPU
		{4C414662-42BF-4C5D-B8D8-2294FADA5F23}.Release|iPhone.ActiveCfg = Release|Any CPU
		{4C414662-42BF-4C5D-B8D8-2294FADA5F23}.Release|iPhone.Build.0 = Release|Any CPU
		{5F2A599E-E2E0-45F0-803B-F82FD8A60538}.Debug|Any CPU.ActiveCfg = Debug|Any CPU
		{5F2A599E-E2E0-45F0-803B-F82FD8A60538}.Debug|Any CPU.Build.0 = Debug|Any CPU
		{5F2A599E-E2E0-45F0-803B-F82FD8A60538}.Release|Any CPU.ActiveCfg = Release|Any CPU
		{5F2A599E-E2E0-45F0-803B-F82FD8A60538}.Release|Any CPU.Build.0 = Release|Any CPU
		{5F2A599E-E2E0-45F0-803B-F82FD8A60538}.Debug|iPhoneSimulator.ActiveCfg = Debug|Any CPU
		{5F2A599E-E2E0-45F0-803B-F82FD8A60538}.Debug|iPhoneSimulator.Build.0 = Debug|Any CPU
		{5F2A599E-E2E0-45F0-803B-F82FD8A60538}.Release|iPhoneSimulator.ActiveCfg = Release|Any CPU
		{5F2A599E-E2E0-45F0-803B-F82FD8A60538}.Release|iPhoneSimulator.Build.0 = Release|Any CPU
		{5F2A599E-E2E0-45F0-803B-F82FD8A60538}.Debug|iPhone.ActiveCfg = Debug|Any CPU
		{5F2A599E-E2E0-45F0-803B-F82FD8A60538}.Debug|iPhone.Build.0 = Debug|Any CPU
		{5F2A599E-E2E0-45F0-803B-F82FD8A60538}.Release|iPhone.ActiveCfg = Release|Any CPU
		{5F2A599E-E2E0-45F0-803B-F82FD8A60538}.Release|iPhone.Build.0 = Release|Any CPU
		{9C848A1E-E8A4-404E-946D-CFEA218A34BA}.Debug|Any CPU.ActiveCfg = Debug|Any CPU
		{9C848A1E-E8A4-404E-946D-CFEA218A34BA}.Debug|Any CPU.Build.0 = Debug|Any CPU
		{9C848A1E-E8A4-404E-946D-CFEA218A34BA}.Release|Any CPU.ActiveCfg = Release|Any CPU
		{9C848A1E-E8A4-404E-946D-CFEA218A34BA}.Release|Any CPU.Build.0 = Release|Any CPU
		{9C848A1E-E8A4-404E-946D-CFEA218A34BA}.Debug|iPhoneSimulator.ActiveCfg = Debug|Any CPU
		{9C848A1E-E8A4-404E-946D-CFEA218A34BA}.Debug|iPhoneSimulator.Build.0 = Debug|Any CPU
		{9C848A1E-E8A4-404E-946D-CFEA218A34BA}.Release|iPhoneSimulator.ActiveCfg = Release|Any CPU
		{9C848A1E-E8A4-404E-946D-CFEA218A34BA}.Release|iPhoneSimulator.Build.0 = Release|Any CPU
		{9C848A1E-E8A4-404E-946D-CFEA218A34BA}.Debug|iPhone.ActiveCfg = Debug|Any CPU
		{9C848A1E-E8A4-404E-946D-CFEA218A34BA}.Debug|iPhone.Build.0 = Debug|Any CPU
		{9C848A1E-E8A4-404E-946D-CFEA218A34BA}.Release|iPhone.ActiveCfg = Release|Any CPU
		{9C848A1E-E8A4-404E-946D-CFEA218A34BA}.Release|iPhone.Build.0 = Release|Any CPU
		{CF1921AA-9683-4780-95B9-CCAB079FB6F0}.Debug|Any CPU.ActiveCfg = Debug|Any CPU
		{CF1921AA-9683-4780-95B9-CCAB079FB6F0}.Debug|Any CPU.Build.0 = Debug|Any CPU
		{CF1921AA-9683-4780-95B9-CCAB079FB6F0}.Release|Any CPU.ActiveCfg = Release|Any CPU
		{CF1921AA-9683-4780-95B9-CCAB079FB6F0}.Release|Any CPU.Build.0 = Release|Any CPU
		{CF1921AA-9683-4780-95B9-CCAB079FB6F0}.Debug|iPhoneSimulator.ActiveCfg = Debug|Any CPU
		{CF1921AA-9683-4780-95B9-CCAB079FB6F0}.Debug|iPhoneSimulator.Build.0 = Debug|Any CPU
		{CF1921AA-9683-4780-95B9-CCAB079FB6F0}.Release|iPhoneSimulator.ActiveCfg = Release|Any CPU
		{CF1921AA-9683-4780-95B9-CCAB079FB6F0}.Release|iPhoneSimulator.Build.0 = Release|Any CPU
		{CF1921AA-9683-4780-95B9-CCAB079FB6F0}.Debug|iPhone.ActiveCfg = Debug|Any CPU
		{CF1921AA-9683-4780-95B9-CCAB079FB6F0}.Debug|iPhone.Build.0 = Debug|Any CPU
		{CF1921AA-9683-4780-95B9-CCAB079FB6F0}.Release|iPhone.ActiveCfg = Release|Any CPU
		{CF1921AA-9683-4780-95B9-CCAB079FB6F0}.Release|iPhone.Build.0 = Release|Any CPU
		{8F3F776D-1846-4C2D-BEFD-BDDE14BD0175}.Debug|Any CPU.ActiveCfg = Debug|Any CPU
		{8F3F776D-1846-4C2D-BEFD-BDDE14BD0175}.Debug|Any CPU.Build.0 = Debug|Any CPU
		{8F3F776D-1846-4C2D-BEFD-BDDE14BD0175}.Release|Any CPU.ActiveCfg = Release|Any CPU
		{8F3F776D-1846-4C2D-BEFD-BDDE14BD0175}.Release|Any CPU.Build.0 = Release|Any CPU
		{8F3F776D-1846-4C2D-BEFD-BDDE14BD0175}.Debug|iPhoneSimulator.ActiveCfg = Debug|Any CPU
		{8F3F776D-1846-4C2D-BEFD-BDDE14BD0175}.Debug|iPhoneSimulator.Build.0 = Debug|Any CPU
		{8F3F776D-1846-4C2D-BEFD-BDDE14BD0175}.Release|iPhoneSimulator.ActiveCfg = Release|Any CPU
		{8F3F776D-1846-4C2D-BEFD-BDDE14BD0175}.Release|iPhoneSimulator.Build.0 = Release|Any CPU
		{8F3F776D-1846-4C2D-BEFD-BDDE14BD0175}.Debug|iPhone.ActiveCfg = Debug|Any CPU
		{8F3F776D-1846-4C2D-BEFD-BDDE14BD0175}.Debug|iPhone.Build.0 = Debug|Any CPU
		{8F3F776D-1846-4C2D-BEFD-BDDE14BD0175}.Release|iPhone.ActiveCfg = Release|Any CPU
		{8F3F776D-1846-4C2D-BEFD-BDDE14BD0175}.Release|iPhone.Build.0 = Release|Any CPU
		{87E68C74-9360-41FA-82B2-3F2C1D9FEA57}.Debug|Any CPU.ActiveCfg = Debug|Any CPU
		{87E68C74-9360-41FA-82B2-3F2C1D9FEA57}.Debug|Any CPU.Build.0 = Debug|Any CPU
		{87E68C74-9360-41FA-82B2-3F2C1D9FEA57}.Release|Any CPU.ActiveCfg = Release|Any CPU
		{87E68C74-9360-41FA-82B2-3F2C1D9FEA57}.Release|Any CPU.Build.0 = Release|Any CPU
		{87E68C74-9360-41FA-82B2-3F2C1D9FEA57}.Debug|iPhoneSimulator.ActiveCfg = Debug|Any CPU
		{87E68C74-9360-41FA-82B2-3F2C1D9FEA57}.Debug|iPhoneSimulator.Build.0 = Debug|Any CPU
		{87E68C74-9360-41FA-82B2-3F2C1D9FEA57}.Release|iPhoneSimulator.ActiveCfg = Release|Any CPU
		{87E68C74-9360-41FA-82B2-3F2C1D9FEA57}.Release|iPhoneSimulator.Build.0 = Release|Any CPU
		{87E68C74-9360-41FA-82B2-3F2C1D9FEA57}.Debug|iPhone.ActiveCfg = Debug|Any CPU
		{87E68C74-9360-41FA-82B2-3F2C1D9FEA57}.Debug|iPhone.Build.0 = Debug|Any CPU
		{87E68C74-9360-41FA-82B2-3F2C1D9FEA57}.Release|iPhone.ActiveCfg = Release|Any CPU
		{87E68C74-9360-41FA-82B2-3F2C1D9FEA57}.Release|iPhone.Build.0 = Release|Any CPU
		{D2E8D875-3934-4116-A4E4-F2342A06F864}.Debug|Any CPU.ActiveCfg = Debug|Any CPU
		{D2E8D875-3934-4116-A4E4-F2342A06F864}.Debug|Any CPU.Build.0 = Debug|Any CPU
		{D2E8D875-3934-4116-A4E4-F2342A06F864}.Release|Any CPU.ActiveCfg = Release|Any CPU
		{D2E8D875-3934-4116-A4E4-F2342A06F864}.Release|Any CPU.Build.0 = Release|Any CPU
		{D2E8D875-3934-4116-A4E4-F2342A06F864}.Debug|iPhoneSimulator.ActiveCfg = Debug|Any CPU
		{D2E8D875-3934-4116-A4E4-F2342A06F864}.Debug|iPhoneSimulator.Build.0 = Debug|Any CPU
		{D2E8D875-3934-4116-A4E4-F2342A06F864}.Release|iPhoneSimulator.ActiveCfg = Release|Any CPU
		{D2E8D875-3934-4116-A4E4-F2342A06F864}.Release|iPhoneSimulator.Build.0 = Release|Any CPU
		{D2E8D875-3934-4116-A4E4-F2342A06F864}.Debug|iPhone.ActiveCfg = Debug|Any CPU
		{D2E8D875-3934-4116-A4E4-F2342A06F864}.Debug|iPhone.Build.0 = Debug|Any CPU
		{D2E8D875-3934-4116-A4E4-F2342A06F864}.Release|iPhone.ActiveCfg = Release|Any CPU
		{D2E8D875-3934-4116-A4E4-F2342A06F864}.Release|iPhone.Build.0 = Release|Any CPU
		{25CB3B49-6EBB-41C7-A98E-B5E100C49046}.Debug|Any CPU.ActiveCfg = Debug|Any CPU
		{25CB3B49-6EBB-41C7-A98E-B5E100C49046}.Debug|Any CPU.Build.0 = Debug|Any CPU
		{25CB3B49-6EBB-41C7-A98E-B5E100C49046}.Release|Any CPU.ActiveCfg = Release|Any CPU
		{25CB3B49-6EBB-41C7-A98E-B5E100C49046}.Release|Any CPU.Build.0 = Release|Any CPU
		{25CB3B49-6EBB-41C7-A98E-B5E100C49046}.Debug|iPhoneSimulator.ActiveCfg = Debug|Any CPU
		{25CB3B49-6EBB-41C7-A98E-B5E100C49046}.Debug|iPhoneSimulator.Build.0 = Debug|Any CPU
		{25CB3B49-6EBB-41C7-A98E-B5E100C49046}.Release|iPhoneSimulator.ActiveCfg = Release|Any CPU
		{25CB3B49-6EBB-41C7-A98E-B5E100C49046}.Release|iPhoneSimulator.Build.0 = Release|Any CPU
		{25CB3B49-6EBB-41C7-A98E-B5E100C49046}.Debug|iPhone.ActiveCfg = Debug|Any CPU
		{25CB3B49-6EBB-41C7-A98E-B5E100C49046}.Debug|iPhone.Build.0 = Debug|Any CPU
		{25CB3B49-6EBB-41C7-A98E-B5E100C49046}.Release|iPhone.ActiveCfg = Release|Any CPU
		{25CB3B49-6EBB-41C7-A98E-B5E100C49046}.Release|iPhone.Build.0 = Release|Any CPU
		{3DC6C2B4-8DC3-4EDA-B18F-082EA40983CC}.Debug|Any CPU.ActiveCfg = Debug|Any CPU
		{3DC6C2B4-8DC3-4EDA-B18F-082EA40983CC}.Debug|Any CPU.Build.0 = Debug|Any CPU
		{3DC6C2B4-8DC3-4EDA-B18F-082EA40983CC}.Release|Any CPU.ActiveCfg = Release|Any CPU
		{3DC6C2B4-8DC3-4EDA-B18F-082EA40983CC}.Release|Any CPU.Build.0 = Release|Any CPU
		{3DC6C2B4-8DC3-4EDA-B18F-082EA40983CC}.Debug|iPhoneSimulator.ActiveCfg = Debug|Any CPU
		{3DC6C2B4-8DC3-4EDA-B18F-082EA40983CC}.Debug|iPhoneSimulator.Build.0 = Debug|Any CPU
		{3DC6C2B4-8DC3-4EDA-B18F-082EA40983CC}.Release|iPhoneSimulator.ActiveCfg = Release|Any CPU
		{3DC6C2B4-8DC3-4EDA-B18F-082EA40983CC}.Release|iPhoneSimulator.Build.0 = Release|Any CPU
		{3DC6C2B4-8DC3-4EDA-B18F-082EA40983CC}.Debug|iPhone.ActiveCfg = Debug|Any CPU
		{3DC6C2B4-8DC3-4EDA-B18F-082EA40983CC}.Debug|iPhone.Build.0 = Debug|Any CPU
		{3DC6C2B4-8DC3-4EDA-B18F-082EA40983CC}.Release|iPhone.ActiveCfg = Release|Any CPU
		{3DC6C2B4-8DC3-4EDA-B18F-082EA40983CC}.Release|iPhone.Build.0 = Release|Any CPU
		{1BEE2518-0E60-4B32-BA92-5115181C0F78}.Debug|Any CPU.ActiveCfg = Debug|Any CPU
		{1BEE2518-0E60-4B32-BA92-5115181C0F78}.Debug|Any CPU.Build.0 = Debug|Any CPU
		{1BEE2518-0E60-4B32-BA92-5115181C0F78}.Release|Any CPU.ActiveCfg = Release|Any CPU
		{1BEE2518-0E60-4B32-BA92-5115181C0F78}.Release|Any CPU.Build.0 = Release|Any CPU
		{1BEE2518-0E60-4B32-BA92-5115181C0F78}.Debug|iPhoneSimulator.ActiveCfg = Debug|Any CPU
		{1BEE2518-0E60-4B32-BA92-5115181C0F78}.Debug|iPhoneSimulator.Build.0 = Debug|Any CPU
		{1BEE2518-0E60-4B32-BA92-5115181C0F78}.Release|iPhoneSimulator.ActiveCfg = Release|Any CPU
		{1BEE2518-0E60-4B32-BA92-5115181C0F78}.Release|iPhoneSimulator.Build.0 = Release|Any CPU
		{1BEE2518-0E60-4B32-BA92-5115181C0F78}.Debug|iPhone.ActiveCfg = Debug|Any CPU
		{1BEE2518-0E60-4B32-BA92-5115181C0F78}.Debug|iPhone.Build.0 = Debug|Any CPU
		{1BEE2518-0E60-4B32-BA92-5115181C0F78}.Release|iPhone.ActiveCfg = Release|Any CPU
		{1BEE2518-0E60-4B32-BA92-5115181C0F78}.Release|iPhone.Build.0 = Release|Any CPU
		{4740E834-39A1-42D3-BF1F-9466E115AE4B}.Debug|Any CPU.ActiveCfg = Debug|Any CPU
		{4740E834-39A1-42D3-BF1F-9466E115AE4B}.Debug|Any CPU.Build.0 = Debug|Any CPU
		{4740E834-39A1-42D3-BF1F-9466E115AE4B}.Release|Any CPU.ActiveCfg = Release|Any CPU
		{4740E834-39A1-42D3-BF1F-9466E115AE4B}.Release|Any CPU.Build.0 = Release|Any CPU
		{4740E834-39A1-42D3-BF1F-9466E115AE4B}.Debug|iPhoneSimulator.ActiveCfg = Debug|Any CPU
		{4740E834-39A1-42D3-BF1F-9466E115AE4B}.Debug|iPhoneSimulator.Build.0 = Debug|Any CPU
		{4740E834-39A1-42D3-BF1F-9466E115AE4B}.Release|iPhoneSimulator.ActiveCfg = Release|Any CPU
		{4740E834-39A1-42D3-BF1F-9466E115AE4B}.Release|iPhoneSimulator.Build.0 = Release|Any CPU
		{4740E834-39A1-42D3-BF1F-9466E115AE4B}.Debug|iPhone.ActiveCfg = Debug|Any CPU
		{4740E834-39A1-42D3-BF1F-9466E115AE4B}.Debug|iPhone.Build.0 = Debug|Any CPU
		{4740E834-39A1-42D3-BF1F-9466E115AE4B}.Release|iPhone.ActiveCfg = Release|Any CPU
		{4740E834-39A1-42D3-BF1F-9466E115AE4B}.Release|iPhone.Build.0 = Release|Any CPU
	EndGlobalSection
	GlobalSection(NestedProjects) = preSolution
		{4C414662-42BF-4C5D-B8D8-2294FADA5F23} = {19C7EAC8-3408-45E5-88B5-AAEA1CE72019}
		{5F2A599E-E2E0-45F0-803B-F82FD8A60538} = {19C7EAC8-3408-45E5-88B5-AAEA1CE72019}
		{9C848A1E-E8A4-404E-946D-CFEA218A34BA} = {19C7EAC8-3408-45E5-88B5-AAEA1CE72019}
		{CF1921AA-9683-4780-95B9-CCAB079FB6F0} = {19C7EAC8-3408-45E5-88B5-AAEA1CE72019}
		{8F3F776D-1846-4C2D-BEFD-BDDE14BD0175} = {19C7EAC8-3408-45E5-88B5-AAEA1CE72019}
		{87E68C74-9360-41FA-82B2-3F2C1D9FEA57} = {19C7EAC8-3408-45E5-88B5-AAEA1CE72019}
		{D2E8D875-3934-4116-A4E4-F2342A06F864} = {19C7EAC8-3408-45E5-88B5-AAEA1CE72019}
		{25CB3B49-6EBB-41C7-A98E-B5E100C49046} = {19C7EAC8-3408-45E5-88B5-AAEA1CE72019}
		{3DC6C2B4-8DC3-4EDA-B18F-082EA40983CC} = {88332679-2EC6-4FD3-B577-A58A76D48281}
		{1BEE2518-0E60-4B32-BA92-5115181C0F78} = {88332679-2EC6-4FD3-B577-A58A76D48281}
		{4740E834-39A1-42D3-BF1F-9466E115AE4B} = {88332679-2EC6-4FD3-B577-A58A76D48281}
	EndGlobalSection
EndGlobal
